// !$*UTF8*$!
{
	archiveVersion = 1;
	classes = {
	};
	objectVersion = 56;
	objects = {

/* Begin PBXBuildFile section */
		430CF66C2BC5A1A00025CA40 /* main.cpp in Sources */ = {isa = PBXBuildFile; fileRef = 430CF66B2BC5A1A00025CA40 /* main.cpp */; };
		430CF6742BC5A2560025CA40 /* SDL2.framework in Frameworks */ = {isa = PBXBuildFile; fileRef = 430CF6732BC5A2560025CA40 /* SDL2.framework */; };
		430CF6752BC5A2650025CA40 /* SDL2.framework in CopyFiles */ = {isa = PBXBuildFile; fileRef = 430CF6732BC5A2560025CA40 /* SDL2.framework */; settings = {ATTRIBUTES = (CodeSignOnCopy, ); }; };
		430CF67C2BC5A3980025CA40 /* dickhead3.bmp in CopyFiles */ = {isa = PBXBuildFile; fileRef = 430CF6772BC5A3980025CA40 /* dickhead3.bmp */; settings = {ATTRIBUTES = (CodeSignOnCopy, ); }; };
		430CF67D2BC5A3980025CA40 /* dickhead2.bmp in CopyFiles */ = {isa = PBXBuildFile; fileRef = 430CF6782BC5A3980025CA40 /* dickhead2.bmp */; settings = {ATTRIBUTES = (CodeSignOnCopy, ); }; };
		430CF67E2BC5A3980025CA40 /* bk.bmp in CopyFiles */ = {isa = PBXBuildFile; fileRef = 430CF6792BC5A3980025CA40 /* bk.bmp */; settings = {ATTRIBUTES = (CodeSignOnCopy, ); }; };
		430CF67F2BC5A3980025CA40 /* dickhead.bmp in CopyFiles */ = {isa = PBXBuildFile; fileRef = 430CF67A2BC5A3980025CA40 /* dickhead.bmp */; settings = {ATTRIBUTES = (CodeSignOnCopy, ); }; };
		430CF6802BC5A3980025CA40 /* dickhead1.bmp in CopyFiles */ = {isa = PBXBuildFile; fileRef = 430CF67B2BC5A3980025CA40 /* dickhead1.bmp */; settings = {ATTRIBUTES = (CodeSignOnCopy, ); }; };
/* End PBXBuildFile section */

/* Begin PBXCopyFilesBuildPhase section */
		430CF6662BC5A1A00025CA40 /* CopyFiles */ = {
			isa = PBXCopyFilesBuildPhase;
			buildActionMask = 12;
			dstPath = "";
			dstSubfolderSpec = 10;
			files = (
				430CF67C2BC5A3980025CA40 /* dickhead3.bmp in CopyFiles */,
				430CF67D2BC5A3980025CA40 /* dickhead2.bmp in CopyFiles */,
				430CF67E2BC5A3980025CA40 /* bk.bmp in CopyFiles */,
				430CF67F2BC5A3980025CA40 /* dickhead.bmp in CopyFiles */,
				430CF6802BC5A3980025CA40 /* dickhead1.bmp in CopyFiles */,
				430CF6752BC5A2650025CA40 /* SDL2.framework in CopyFiles */,
			);
			runOnlyForDeploymentPostprocessing = 0;
		};
/* End PBXCopyFilesBuildPhase section */

/* Begin PBXFileReference section */
		430CF6682BC5A1A00025CA40 /* RotateDickMac */ = {isa = PBXFileReference; explicitFileType = "compiled.mach-o.executable"; includeInIndex = 0; path = RotateDickMac; sourceTree = BUILT_PRODUCTS_DIR; };
		430CF66B2BC5A1A00025CA40 /* main.cpp */ = {isa = PBXFileReference; lastKnownFileType = sourcecode.cpp.cpp; path = main.cpp; sourceTree = "<group>"; };
		430CF6732BC5A2560025CA40 /* SDL2.framework */ = {isa = PBXFileReference; lastKnownFileType = wrapper.framework; path = SDL2.framework; sourceTree = "<group>"; };
		430CF6772BC5A3980025CA40 /* dickhead3.bmp */ = {isa = PBXFileReference; lastKnownFileType = image.bmp; name = dickhead3.bmp; path = RotateDickMac/dickhead3.bmp; sourceTree = "<group>"; };
		430CF6782BC5A3980025CA40 /* dickhead2.bmp */ = {isa = PBXFileReference; lastKnownFileType = image.bmp; name = dickhead2.bmp; path = RotateDickMac/dickhead2.bmp; sourceTree = "<group>"; };
		430CF6792BC5A3980025CA40 /* bk.bmp */ = {isa = PBXFileReference; lastKnownFileType = image.bmp; name = bk.bmp; path = RotateDickMac/bk.bmp; sourceTree = "<group>"; };
		430CF67A2BC5A3980025CA40 /* dickhead.bmp */ = {isa = PBXFileReference; lastKnownFileType = image.bmp; name = dickhead.bmp; path = RotateDickMac/dickhead.bmp; sourceTree = "<group>"; };
		430CF67B2BC5A3980025CA40 /* dickhead1.bmp */ = {isa = PBXFileReference; lastKnownFileType = image.bmp; name = dickhead1.bmp; path = RotateDickMac/dickhead1.bmp; sourceTree = "<group>"; };
/* End PBXFileReference section */

/* Begin PBXFrameworksBuildPhase section */
		430CF6652BC5A1A00025CA40 /* Frameworks */ = {
			isa = PBXFrameworksBuildPhase;
			buildActionMask = 2147483647;
			files = (
				430CF6742BC5A2560025CA40 /* SDL2.framework in Frameworks */,
			);
			runOnlyForDeploymentPostprocessing = 0;
		};
/* End PBXFrameworksBuildPhase section */

/* Begin PBXGroup section */
		430CF65F2BC5A1A00025CA40 = {
			isa = PBXGroup;
			children = (
				430CF6792BC5A3980025CA40 /* bk.bmp */,
				430CF67A2BC5A3980025CA40 /* dickhead.bmp */,
				430CF67B2BC5A3980025CA40 /* dickhead1.bmp */,
				430CF6782BC5A3980025CA40 /* dickhead2.bmp */,
				430CF6772BC5A3980025CA40 /* dickhead3.bmp */,
				430CF66A2BC5A1A00025CA40 /* RotateDickMac */,
				430CF6692BC5A1A00025CA40 /* Products */,
				430CF6722BC5A2560025CA40 /* Frameworks */,
			);
			sourceTree = "<group>";
		};
		430CF6692BC5A1A00025CA40 /* Products */ = {
			isa = PBXGroup;
			children = (
				430CF6682BC5A1A00025CA40 /* RotateDickMac */,
			);
			name = Products;
			sourceTree = "<group>";
		};
		430CF66A2BC5A1A00025CA40 /* RotateDickMac */ = {
			isa = PBXGroup;
			children = (
				430CF66B2BC5A1A00025CA40 /* main.cpp */,
			);
			path = RotateDickMac;
			sourceTree = "<group>";
		};
		430CF6722BC5A2560025CA40 /* Frameworks */ = {
			isa = PBXGroup;
			children = (
				430CF6732BC5A2560025CA40 /* SDL2.framework */,
			);
			name = Frameworks;
			sourceTree = "<group>";
		};
/* End PBXGroup section */

/* Begin PBXNativeTarget section */
		430CF6672BC5A1A00025CA40 /* RotateDickMac */ = {
			isa = PBXNativeTarget;
			buildConfigurationList = 430CF66F2BC5A1A00025CA40 /* Build configuration list for PBXNativeTarget "RotateDickMac" */;
			buildPhases = (
				430CF6642BC5A1A00025CA40 /* Sources */,
				430CF6652BC5A1A00025CA40 /* Frameworks */,
				430CF6662BC5A1A00025CA40 /* CopyFiles */,
			);
			buildRules = (
			);
			dependencies = (
			);
			name = RotateDickMac;
			productName = RotateDickMac;
			productReference = 430CF6682BC5A1A00025CA40 /* RotateDickMac */;
			productType = "com.apple.product-type.tool";
		};
/* End PBXNativeTarget section */

/* Begin PBXProject section */
		430CF6602BC5A1A00025CA40 /* Project object */ = {
			isa = PBXProject;
			attributes = {
				BuildIndependentTargetsInParallel = 1;
				LastUpgradeCheck = 1530;
				TargetAttributes = {
					430CF6672BC5A1A00025CA40 = {
						CreatedOnToolsVersion = 15.3;
					};
				};
			};
			buildConfigurationList = 430CF6632BC5A1A00025CA40 /* Build configuration list for PBXProject "RotateDickMac" */;
			compatibilityVersion = "Xcode 14.0";
			developmentRegion = en;
			hasScannedForEncodings = 0;
			knownRegions = (
				en,
				Base,
			);
			mainGroup = 430CF65F2BC5A1A00025CA40;
			productRefGroup = 430CF6692BC5A1A00025CA40 /* Products */;
			projectDirPath = "";
			projectRoot = "";
			targets = (
				430CF6672BC5A1A00025CA40 /* RotateDickMac */,
			);
		};
/* End PBXProject section */

/* Begin PBXSourcesBuildPhase section */
		430CF6642BC5A1A00025CA40 /* Sources */ = {
			isa = PBXSourcesBuildPhase;
			buildActionMask = 2147483647;
			files = (
				430CF66C2BC5A1A00025CA40 /* main.cpp in Sources */,
			);
			runOnlyForDeploymentPostprocessing = 0;
		};
/* End PBXSourcesBuildPhase section */

/* Begin XCBuildConfiguration section */
		430CF66D2BC5A1A00025CA40 /* Debug */ = {
			isa = XCBuildConfiguration;
			buildSettings = {
				ALWAYS_SEARCH_USER_PATHS = NO;
				ASSETCATALOG_COMPILER_GENERATE_SWIFT_ASSET_SYMBOL_EXTENSIONS = YES;
				CLANG_ANALYZER_NONNULL = YES;
				CLANG_ANALYZER_NUMBER_OBJECT_CONVERSION = YES_AGGRESSIVE;
				CLANG_CXX_LANGUAGE_STANDARD = "gnu++20";
				CLANG_ENABLE_MODULES = YES;
				CLANG_ENABLE_OBJC_ARC = YES;
				CLANG_ENABLE_OBJC_WEAK = YES;
				CLANG_WARN_BLOCK_CAPTURE_AUTORELEASING = YES;
				CLANG_WARN_BOOL_CONVERSION = YES;
				CLANG_WARN_COMMA = YES;
				CLANG_WARN_CONSTANT_CONVERSION = YES;
				CLANG_WARN_DEPRECATED_OBJC_IMPLEMENTATIONS = YES;
				CLANG_WARN_DIRECT_OBJC_ISA_USAGE = YES_ERROR;
				CLANG_WARN_DOCUMENTATION_COMMENTS = YES;
				CLANG_WARN_EMPTY_BODY = YES;
				CLANG_WARN_ENUM_CONVERSION = YES;
				CLANG_WARN_INFINITE_RECURSION = YES;
				CLANG_WARN_INT_CONVERSION = YES;
				CLANG_WARN_NON_LITERAL_NULL_CONVERSION = YES;
				CLANG_WARN_OBJC_IMPLICIT_RETAIN_SELF = YES;
				CLANG_WARN_OBJC_LITERAL_CONVERSION = YES;
				CLANG_WARN_OBJC_ROOT_CLASS = YES_ERROR;
				CLANG_WARN_QUOTED_INCLUDE_IN_FRAMEWORK_HEADER = YES;
				CLANG_WARN_RANGE_LOOP_ANALYSIS = YES;
				CLANG_WARN_STRICT_PROTOTYPES = YES;
				CLANG_WARN_SUSPICIOUS_MOVE = YES;
				CLANG_WARN_UNGUARDED_AVAILABILITY = YES_AGGRESSIVE;
				CLANG_WARN_UNREACHABLE_CODE = YES;
				CLANG_WARN__DUPLICATE_METHOD_MATCH = YES;
				COPY_PHASE_STRIP = NO;
				DEBUG_INFORMATION_FORMAT = dwarf;
				ENABLE_STRICT_OBJC_MSGSEND = YES;
				ENABLE_TESTABILITY = YES;
				ENABLE_USER_SCRIPT_SANDBOXING = YES;
				GCC_C_LANGUAGE_STANDARD = gnu17;
				GCC_DYNAMIC_NO_PIC = NO;
				GCC_NO_COMMON_BLOCKS = YES;
				GCC_OPTIMIZATION_LEVEL = 0;
				GCC_PREPROCESSOR_DEFINITIONS = (
					"DEBUG=1",
					"$(inherited)",
				);
				GCC_WARN_64_TO_32_BIT_CONVERSION = YES;
				GCC_WARN_ABOUT_RETURN_TYPE = YES_ERROR;
				GCC_WARN_UNDECLARED_SELECTOR = YES;
				GCC_WARN_UNINITIALIZED_AUTOS = YES_AGGRESSIVE;
				GCC_WARN_UNUSED_FUNCTION = YES;
				GCC_WARN_UNUSED_VARIABLE = YES;
				LOCALIZATION_PREFERS_STRING_CATALOGS = YES;
				MACOSX_DEPLOYMENT_TARGET = 14.4;
				MTL_ENABLE_DEBUG_INFO = INCLUDE_SOURCE;
				MTL_FAST_MATH = YES;
				ONLY_ACTIVE_ARCH = YES;
				SDKROOT = macosx;
			};
			name = Debug;
		};
		430CF66E2BC5A1A00025CA40 /* Release */ = {
			isa = XCBuildConfiguration;
			buildSettings = {
				ALWAYS_SEARCH_USER_PATHS = NO;
				ASSETCATALOG_COMPILER_GENERATE_SWIFT_ASSET_SYMBOL_EXTENSIONS = YES;
				CLANG_ANALYZER_NONNULL = YES;
				CLANG_ANALYZER_NUMBER_OBJECT_CONVERSION = YES_AGGRESSIVE;
				CLANG_CXX_LANGUAGE_STANDARD = "gnu++20";
				CLANG_ENABLE_MODULES = YES;
				CLANG_ENABLE_OBJC_ARC = YES;
				CLANG_ENABLE_OBJC_WEAK = YES;
				CLANG_WARN_BLOCK_CAPTURE_AUTORELEASING = YES;
				CLANG_WARN_BOOL_CONVERSION = YES;
				CLANG_WARN_COMMA = YES;
				CLANG_WARN_CONSTANT_CONVERSION = YES;
				CLANG_WARN_DEPRECATED_OBJC_IMPLEMENTATIONS = YES;
				CLANG_WARN_DIRECT_OBJC_ISA_USAGE = YES_ERROR;
				CLANG_WARN_DOCUMENTATION_COMMENTS = YES;
				CLANG_WARN_EMPTY_BODY = YES;
				CLANG_WARN_ENUM_CONVERSION = YES;
				CLANG_WARN_INFINITE_RECURSION = YES;
				CLANG_WARN_INT_CONVERSION = YES;
				CLANG_WARN_NON_LITERAL_NULL_CONVERSION = YES;
				CLANG_WARN_OBJC_IMPLICIT_RETAIN_SELF = YES;
				CLANG_WARN_OBJC_LITERAL_CONVERSION = YES;
				CLANG_WARN_OBJC_ROOT_CLASS = YES_ERROR;
				CLANG_WARN_QUOTED_INCLUDE_IN_FRAMEWORK_HEADER = YES;
				CLANG_WARN_RANGE_LOOP_ANALYSIS = YES;
				CLANG_WARN_STRICT_PROTOTYPES = YES;
				CLANG_WARN_SUSPICIOUS_MOVE = YES;
				CLANG_WARN_UNGUARDED_AVAILABILITY = YES_AGGRESSIVE;
				CLANG_WARN_UNREACHABLE_CODE = YES;
				CLANG_WARN__DUPLICATE_METHOD_MATCH = YES;
				COPY_PHASE_STRIP = NO;
				DEBUG_INFORMATION_FORMAT = "dwarf-with-dsym";
				ENABLE_NS_ASSERTIONS = NO;
				ENABLE_STRICT_OBJC_MSGSEND = YES;
				ENABLE_USER_SCRIPT_SANDBOXING = YES;
				GCC_C_LANGUAGE_STANDARD = gnu17;
				GCC_NO_COMMON_BLOCKS = YES;
				GCC_WARN_64_TO_32_BIT_CONVERSION = YES;
				GCC_WARN_ABOUT_RETURN_TYPE = YES_ERROR;
				GCC_WARN_UNDECLARED_SELECTOR = YES;
				GCC_WARN_UNINITIALIZED_AUTOS = YES_AGGRESSIVE;
				GCC_WARN_UNUSED_FUNCTION = YES;
				GCC_WARN_UNUSED_VARIABLE = YES;
				LOCALIZATION_PREFERS_STRING_CATALOGS = YES;
				MACOSX_DEPLOYMENT_TARGET = 14.4;
				MTL_ENABLE_DEBUG_INFO = NO;
				MTL_FAST_MATH = YES;
				SDKROOT = macosx;
			};
			name = Release;
		};
		430CF6702BC5A1A00025CA40 /* Debug */ = {
			isa = XCBuildConfiguration;
			buildSettings = {
				CODE_SIGN_STYLE = Automatic;
				FRAMEWORK_SEARCH_PATHS = (
					"$(inherited)",
					"$(PROJECT_DIR)",
				);
				PRODUCT_NAME = "$(TARGET_NAME)";
			};
			name = Debug;
		};
		430CF6712BC5A1A00025CA40 /* Release */ = {
			isa = XCBuildConfiguration;
			buildSettings = {
				CODE_SIGN_STYLE = Automatic;
				FRAMEWORK_SEARCH_PATHS = (
					"$(inherited)",
					"$(PROJECT_DIR)",
				);
				PRODUCT_NAME = "$(TARGET_NAME)";
			};
			name = Release;
		};
/* End XCBuildConfiguration section */

/* Begin XCConfigurationList section */
		430CF6632BC5A1A00025CA40 /* Build configuration list for PBXProject "RotateDickMac" */ = {
			isa = XCConfigurationList;
			buildConfigurations = (
				430CF66D2BC5A1A00025CA40 /* Debug */,
				430CF66E2BC5A1A00025CA40 /* Release */,
			);
			defaultConfigurationIsVisible = 0;
			defaultConfigurationName = Release;
		};
		430CF66F2BC5A1A00025CA40 /* Build configuration list for PBXNativeTarget "RotateDickMac" */ = {
			isa = XCConfigurationList;
			buildConfigurations = (
				430CF6702BC5A1A00025CA40 /* Debug */,
				430CF6712BC5A1A00025CA40 /* Release */,
			);
			defaultConfigurationIsVisible = 0;
			defaultConfigurationName = Release;
		};
/* End XCConfigurationList section */
	};
	rootObject = 430CF6602BC5A1A00025CA40 /* Project object */;
}
